// !$*UTF8*$!
{
	archiveVersion = 1;
	classes = {
	};
	objectVersion = 52;
	objects = {

/* Begin PBXBuildFile section */
		1D10A0312649AEDE005A1422 /* Alamofire in Frameworks */ = {isa = PBXBuildFile; productRef = 1D10A0302649AEDE005A1422 /* Alamofire */; };
		1D823C4F2656B11E0068C2AC /* SignUpPresenter.swift in Sources */ = {isa = PBXBuildFile; fileRef = 1D823C4E2656B11E0068C2AC /* SignUpPresenter.swift */; };
		1D823C532656B2350068C2AC /* AlertView.swift in Sources */ = {isa = PBXBuildFile; fileRef = 1D823C522656B2350068C2AC /* AlertView.swift */; };
		1D823C562656B2940068C2AC /* Domain.framework in Frameworks */ = {isa = PBXBuildFile; fileRef = 1DBD17C526462B01000B8FD2 /* Domain.framework */; };
		1D823C572656B2940068C2AC /* Domain.framework in Embed Frameworks */ = {isa = PBXBuildFile; fileRef = 1DBD17C526462B01000B8FD2 /* Domain.framework */; settings = {ATTRIBUTES = (CodeSignOnCopy, RemoveHeadersOnCopy, ); }; };
		1D823C5E2656D3AA0068C2AC /* EmailValidator.swift in Sources */ = {isa = PBXBuildFile; fileRef = 1D823C5D2656D3AA0068C2AC /* EmailValidator.swift */; };
		1D9E62C72655C1F400B1A134 /* AlamofireAdapter.swift in Sources */ = {isa = PBXBuildFile; fileRef = 1D9E62C62655C1F400B1A134 /* AlamofireAdapter.swift */; };
		1D9E62CB2655C4C600B1A134 /* UrlProtocolStub.swift in Sources */ = {isa = PBXBuildFile; fileRef = 1D9E62CA2655C4C600B1A134 /* UrlProtocolStub.swift */; };
		1D9E62D32655CBFA00B1A134 /* AddAccountIntegrationTest.swift in Sources */ = {isa = PBXBuildFile; fileRef = 1D9E62D22655CBFA00B1A134 /* AddAccountIntegrationTest.swift */; };
		1D9E62D52655CBFA00B1A134 /* Data.framework in Frameworks */ = {isa = PBXBuildFile; fileRef = 1DBD17D626462E65000B8FD2 /* Data.framework */; };
		1DB1B27E2656A58C00443628 /* Presentation.framework in Frameworks */ = {isa = PBXBuildFile; fileRef = 1DB1B2752656A58C00443628 /* Presentation.framework */; };
		1DB1B2832656A58C00443628 /* SignUpPresentersTests.swift in Sources */ = {isa = PBXBuildFile; fileRef = 1DB1B2822656A58C00443628 /* SignUpPresentersTests.swift */; };
		1DB76C0E2646E027005006C1 /* ExtensionHelpers.swift in Sources */ = {isa = PBXBuildFile; fileRef = 1DB76C0D2646E027005006C1 /* ExtensionHelpers.swift */; };
		1DB76C112648E0FB005006C1 /* TestExtensions.swift in Sources */ = {isa = PBXBuildFile; fileRef = 1DB76C102648E0FB005006C1 /* TestExtensions.swift */; };
		1DB76C132648E1C1005006C1 /* TestFactories.swift in Sources */ = {isa = PBXBuildFile; fileRef = 1DB76C122648E1C1005006C1 /* TestFactories.swift */; };
		1DB76C162648E2A8005006C1 /* HttpClientSpy.swift in Sources */ = {isa = PBXBuildFile; fileRef = 1DB76C152648E2A8005006C1 /* HttpClientSpy.swift */; };
		1DB76C182648E414005006C1 /* AccountModelFactory.swift in Sources */ = {isa = PBXBuildFile; fileRef = 1DB76C172648E414005006C1 /* AccountModelFactory.swift */; };
		1DB76C272648E68C005006C1 /* Infra.framework in Frameworks */ = {isa = PBXBuildFile; fileRef = 1DB76C1E2648E68C005006C1 /* Infra.framework */; };
		1DB76C2C2648E68C005006C1 /* AlamofireAdapterTest.swift in Sources */ = {isa = PBXBuildFile; fileRef = 1DB76C2B2648E68C005006C1 /* AlamofireAdapterTest.swift */; };
		1DB76C352648F1A3005006C1 /* Data.framework in Frameworks */ = {isa = PBXBuildFile; fileRef = 1DBD17D626462E65000B8FD2 /* Data.framework */; };
		1DB76C362648F1A3005006C1 /* Data.framework in Embed Frameworks */ = {isa = PBXBuildFile; fileRef = 1DBD17D626462E65000B8FD2 /* Data.framework */; settings = {ATTRIBUTES = (CodeSignOnCopy, RemoveHeadersOnCopy, ); }; };
		1DB76C3A2648F24C005006C1 /* TestExtensions.swift in Sources */ = {isa = PBXBuildFile; fileRef = 1DB76C102648E0FB005006C1 /* TestExtensions.swift */; };
		1DB76C3B2648F251005006C1 /* TestFactories.swift in Sources */ = {isa = PBXBuildFile; fileRef = 1DB76C122648E1C1005006C1 /* TestFactories.swift */; };
		1DBD17CE26462C34000B8FD2 /* CreateAccount.swift in Sources */ = {isa = PBXBuildFile; fileRef = 1DBD17CD26462C34000B8FD2 /* CreateAccount.swift */; };
		1DBD17D026462E0E000B8FD2 /* AccountModel.swift in Sources */ = {isa = PBXBuildFile; fileRef = 1DBD17CF26462E0E000B8FD2 /* AccountModel.swift */; };
		1DBD17DF26462E65000B8FD2 /* Data.framework in Frameworks */ = {isa = PBXBuildFile; fileRef = 1DBD17D626462E65000B8FD2 /* Data.framework */; };
		1DBD17E426462E65000B8FD2 /* RemoteCreateAccountTests.swift in Sources */ = {isa = PBXBuildFile; fileRef = 1DBD17E326462E65000B8FD2 /* RemoteCreateAccountTests.swift */; };
		1DBD17EE26462ED7000B8FD2 /* Domain.framework in Frameworks */ = {isa = PBXBuildFile; fileRef = 1DBD17C526462B01000B8FD2 /* Domain.framework */; };
		1DBD17EF26462ED7000B8FD2 /* Domain.framework in Embed Frameworks */ = {isa = PBXBuildFile; fileRef = 1DBD17C526462B01000B8FD2 /* Domain.framework */; settings = {ATTRIBUTES = (CodeSignOnCopy, RemoveHeadersOnCopy, ); }; };
		1DBD17F42646498B000B8FD2 /* BaseModel .swift in Sources */ = {isa = PBXBuildFile; fileRef = 1DBD17F32646498B000B8FD2 /* BaseModel .swift */; };
		1DBD17F626464B6C000B8FD2 /* RamoteCreateAccount.swift in Sources */ = {isa = PBXBuildFile; fileRef = 1DBD17F526464B6C000B8FD2 /* RamoteCreateAccount.swift */; };
		1DBD17F826464BBD000B8FD2 /* HttpPostClient.swift in Sources */ = {isa = PBXBuildFile; fileRef = 1DBD17F726464BBD000B8FD2 /* HttpPostClient.swift */; };
		1DBD1801264654EE000B8FD2 /* DomainError.swift in Sources */ = {isa = PBXBuildFile; fileRef = 1DBD1800264654EE000B8FD2 /* DomainError.swift */; };
		1DBD180426465884000B8FD2 /* HttpError.swift in Sources */ = {isa = PBXBuildFile; fileRef = 1DBD180326465884000B8FD2 /* HttpError.swift */; };
/* End PBXBuildFile section */

/* Begin PBXContainerItemProxy section */
		1D823C582656B2940068C2AC /* PBXContainerItemProxy */ = {
			isa = PBXContainerItemProxy;
			containerPortal = 1DBD17AC26462A9E000B8FD2 /* Project object */;
			proxyType = 1;
			remoteGlobalIDString = 1DBD17C426462B01000B8FD2;
			remoteInfo = Domain;
		};
		1D9E62D62655CBFA00B1A134 /* PBXContainerItemProxy */ = {
			isa = PBXContainerItemProxy;
			containerPortal = 1DBD17AC26462A9E000B8FD2 /* Project object */;
			proxyType = 1;
			remoteGlobalIDString = 1DBD17D526462E65000B8FD2;
			remoteInfo = Data;
		};
		1D9E62DB2655CC1200B1A134 /* PBXContainerItemProxy */ = {
			isa = PBXContainerItemProxy;
			containerPortal = 1DBD17AC26462A9E000B8FD2 /* Project object */;
			proxyType = 1;
			remoteGlobalIDString = 1DBD17C426462B01000B8FD2;
			remoteInfo = Domain;
		};
		1D9E62DD2655CC1200B1A134 /* PBXContainerItemProxy */ = {
			isa = PBXContainerItemProxy;
			containerPortal = 1DBD17AC26462A9E000B8FD2 /* Project object */;
			proxyType = 1;
			remoteGlobalIDString = 1DB76C1D2648E68C005006C1;
			remoteInfo = Infra;
		};
		1DB1B27F2656A58C00443628 /* PBXContainerItemProxy */ = {
			isa = PBXContainerItemProxy;
			containerPortal = 1DBD17AC26462A9E000B8FD2 /* Project object */;
			proxyType = 1;
			remoteGlobalIDString = 1DB1B2742656A58C00443628;
			remoteInfo = Presentation;
		};
		1DB76C282648E68C005006C1 /* PBXContainerItemProxy */ = {
			isa = PBXContainerItemProxy;
			containerPortal = 1DBD17AC26462A9E000B8FD2 /* Project object */;
			proxyType = 1;
			remoteGlobalIDString = 1DB76C1D2648E68C005006C1;
			remoteInfo = Infra;
		};
		1DB76C372648F1A3005006C1 /* PBXContainerItemProxy */ = {
			isa = PBXContainerItemProxy;
			containerPortal = 1DBD17AC26462A9E000B8FD2 /* Project object */;
			proxyType = 1;
			remoteGlobalIDString = 1DBD17D526462E65000B8FD2;
			remoteInfo = Data;
		};
		1DBD17E026462E65000B8FD2 /* PBXContainerItemProxy */ = {
			isa = PBXContainerItemProxy;
			containerPortal = 1DBD17AC26462A9E000B8FD2 /* Project object */;
			proxyType = 1;
			remoteGlobalIDString = 1DBD17D526462E65000B8FD2;
			remoteInfo = Data;
		};
		1DBD17F026462ED7000B8FD2 /* PBXContainerItemProxy */ = {
			isa = PBXContainerItemProxy;
			containerPortal = 1DBD17AC26462A9E000B8FD2 /* Project object */;
			proxyType = 1;
			remoteGlobalIDString = 1DBD17C426462B01000B8FD2;
			remoteInfo = Domain;
		};
/* End PBXContainerItemProxy section */

/* Begin PBXCopyFilesBuildPhase section */
		1D823C5A2656B2950068C2AC /* Embed Frameworks */ = {
			isa = PBXCopyFilesBuildPhase;
			buildActionMask = 2147483647;
			dstPath = "";
			dstSubfolderSpec = 10;
			files = (
				1D823C572656B2940068C2AC /* Domain.framework in Embed Frameworks */,
			);
			name = "Embed Frameworks";
			runOnlyForDeploymentPostprocessing = 0;
		};
		1DB76C392648F1A3005006C1 /* Embed Frameworks */ = {
			isa = PBXCopyFilesBuildPhase;
			buildActionMask = 2147483647;
			dstPath = "";
			dstSubfolderSpec = 10;
			files = (
				1DB76C362648F1A3005006C1 /* Data.framework in Embed Frameworks */,
			);
			name = "Embed Frameworks";
			runOnlyForDeploymentPostprocessing = 0;
		};
		1DBD17F226462ED7000B8FD2 /* Embed Frameworks */ = {
			isa = PBXCopyFilesBuildPhase;
			buildActionMask = 2147483647;
			dstPath = "";
			dstSubfolderSpec = 10;
			files = (
				1DBD17EF26462ED7000B8FD2 /* Domain.framework in Embed Frameworks */,
			);
			name = "Embed Frameworks";
			runOnlyForDeploymentPostprocessing = 0;
		};
/* End PBXCopyFilesBuildPhase section */

/* Begin PBXFileReference section */
		1D823C4E2656B11E0068C2AC /* SignUpPresenter.swift */ = {isa = PBXFileReference; lastKnownFileType = sourcecode.swift; path = SignUpPresenter.swift; sourceTree = "<group>"; };
		1D823C522656B2350068C2AC /* AlertView.swift */ = {isa = PBXFileReference; lastKnownFileType = sourcecode.swift; path = AlertView.swift; sourceTree = "<group>"; };
		1D823C5D2656D3AA0068C2AC /* EmailValidator.swift */ = {isa = PBXFileReference; lastKnownFileType = sourcecode.swift; path = EmailValidator.swift; sourceTree = "<group>"; };
		1D9E62C62655C1F400B1A134 /* AlamofireAdapter.swift */ = {isa = PBXFileReference; lastKnownFileType = sourcecode.swift; path = AlamofireAdapter.swift; sourceTree = "<group>"; };
		1D9E62CA2655C4C600B1A134 /* UrlProtocolStub.swift */ = {isa = PBXFileReference; lastKnownFileType = sourcecode.swift; path = UrlProtocolStub.swift; sourceTree = "<group>"; };
		1D9E62D02655CBFA00B1A134 /* UseCasesIntegrationTests.xctest */ = {isa = PBXFileReference; explicitFileType = wrapper.cfbundle; includeInIndex = 0; path = UseCasesIntegrationTests.xctest; sourceTree = BUILT_PRODUCTS_DIR; };
		1D9E62D22655CBFA00B1A134 /* AddAccountIntegrationTest.swift */ = {isa = PBXFileReference; lastKnownFileType = sourcecode.swift; path = AddAccountIntegrationTest.swift; sourceTree = "<group>"; };
		1D9E62D42655CBFA00B1A134 /* Info.plist */ = {isa = PBXFileReference; lastKnownFileType = text.plist.xml; path = Info.plist; sourceTree = "<group>"; };
		1DB1B2752656A58C00443628 /* Presentation.framework */ = {isa = PBXFileReference; explicitFileType = wrapper.framework; includeInIndex = 0; path = Presentation.framework; sourceTree = BUILT_PRODUCTS_DIR; };
		1DB1B2782656A58C00443628 /* Info.plist */ = {isa = PBXFileReference; lastKnownFileType = text.plist.xml; path = Info.plist; sourceTree = "<group>"; };
		1DB1B27D2656A58C00443628 /* PresentationTests.xctest */ = {isa = PBXFileReference; explicitFileType = wrapper.cfbundle; includeInIndex = 0; path = PresentationTests.xctest; sourceTree = BUILT_PRODUCTS_DIR; };
		1DB1B2822656A58C00443628 /* SignUpPresentersTests.swift */ = {isa = PBXFileReference; lastKnownFileType = sourcecode.swift; path = SignUpPresentersTests.swift; sourceTree = "<group>"; };
		1DB1B2842656A58C00443628 /* Info.plist */ = {isa = PBXFileReference; lastKnownFileType = text.plist.xml; path = Info.plist; sourceTree = "<group>"; };
		1DB76C0D2646E027005006C1 /* ExtensionHelpers.swift */ = {isa = PBXFileReference; lastKnownFileType = sourcecode.swift; path = ExtensionHelpers.swift; sourceTree = "<group>"; };
		1DB76C102648E0FB005006C1 /* TestExtensions.swift */ = {isa = PBXFileReference; lastKnownFileType = sourcecode.swift; path = TestExtensions.swift; sourceTree = "<group>"; };
		1DB76C122648E1C1005006C1 /* TestFactories.swift */ = {isa = PBXFileReference; lastKnownFileType = sourcecode.swift; path = TestFactories.swift; sourceTree = "<group>"; };
		1DB76C152648E2A8005006C1 /* HttpClientSpy.swift */ = {isa = PBXFileReference; lastKnownFileType = sourcecode.swift; path = HttpClientSpy.swift; sourceTree = "<group>"; };
		1DB76C172648E414005006C1 /* AccountModelFactory.swift */ = {isa = PBXFileReference; lastKnownFileType = sourcecode.swift; path = AccountModelFactory.swift; sourceTree = "<group>"; };
		1DB76C1E2648E68C005006C1 /* Infra.framework */ = {isa = PBXFileReference; explicitFileType = wrapper.framework; includeInIndex = 0; path = Infra.framework; sourceTree = BUILT_PRODUCTS_DIR; };
		1DB76C212648E68C005006C1 /* Info.plist */ = {isa = PBXFileReference; lastKnownFileType = text.plist.xml; path = Info.plist; sourceTree = "<group>"; };
		1DB76C262648E68C005006C1 /* InfraTests.xctest */ = {isa = PBXFileReference; explicitFileType = wrapper.cfbundle; includeInIndex = 0; path = InfraTests.xctest; sourceTree = BUILT_PRODUCTS_DIR; };
		1DB76C2B2648E68C005006C1 /* AlamofireAdapterTest.swift */ = {isa = PBXFileReference; lastKnownFileType = sourcecode.swift; path = AlamofireAdapterTest.swift; sourceTree = "<group>"; };
		1DB76C2D2648E68C005006C1 /* Info.plist */ = {isa = PBXFileReference; lastKnownFileType = text.plist.xml; path = Info.plist; sourceTree = "<group>"; };
		1DBD17C526462B01000B8FD2 /* Domain.framework */ = {isa = PBXFileReference; explicitFileType = wrapper.framework; includeInIndex = 0; path = Domain.framework; sourceTree = BUILT_PRODUCTS_DIR; };
		1DBD17C826462B01000B8FD2 /* Info.plist */ = {isa = PBXFileReference; lastKnownFileType = text.plist.xml; path = Info.plist; sourceTree = "<group>"; };
		1DBD17CD26462C34000B8FD2 /* CreateAccount.swift */ = {isa = PBXFileReference; lastKnownFileType = sourcecode.swift; path = CreateAccount.swift; sourceTree = "<group>"; };
		1DBD17CF26462E0E000B8FD2 /* AccountModel.swift */ = {isa = PBXFileReference; lastKnownFileType = sourcecode.swift; path = AccountModel.swift; sourceTree = "<group>"; };
		1DBD17D626462E65000B8FD2 /* Data.framework */ = {isa = PBXFileReference; explicitFileType = wrapper.framework; includeInIndex = 0; path = Data.framework; sourceTree = BUILT_PRODUCTS_DIR; };
		1DBD17D926462E65000B8FD2 /* Info.plist */ = {isa = PBXFileReference; lastKnownFileType = text.plist.xml; path = Info.plist; sourceTree = "<group>"; };
		1DBD17DE26462E65000B8FD2 /* DataTests.xctest */ = {isa = PBXFileReference; explicitFileType = wrapper.cfbundle; includeInIndex = 0; path = DataTests.xctest; sourceTree = BUILT_PRODUCTS_DIR; };
		1DBD17E326462E65000B8FD2 /* RemoteCreateAccountTests.swift */ = {isa = PBXFileReference; lastKnownFileType = sourcecode.swift; path = RemoteCreateAccountTests.swift; sourceTree = "<group>"; };
		1DBD17E526462E65000B8FD2 /* Info.plist */ = {isa = PBXFileReference; lastKnownFileType = text.plist.xml; path = Info.plist; sourceTree = "<group>"; };
		1DBD17F32646498B000B8FD2 /* BaseModel .swift */ = {isa = PBXFileReference; lastKnownFileType = sourcecode.swift; path = "BaseModel .swift"; sourceTree = "<group>"; };
		1DBD17F526464B6C000B8FD2 /* RamoteCreateAccount.swift */ = {isa = PBXFileReference; lastKnownFileType = sourcecode.swift; path = RamoteCreateAccount.swift; sourceTree = "<group>"; };
		1DBD17F726464BBD000B8FD2 /* HttpPostClient.swift */ = {isa = PBXFileReference; lastKnownFileType = sourcecode.swift; path = HttpPostClient.swift; sourceTree = "<group>"; };
		1DBD1800264654EE000B8FD2 /* DomainError.swift */ = {isa = PBXFileReference; lastKnownFileType = sourcecode.swift; path = DomainError.swift; sourceTree = "<group>"; };
		1DBD180326465884000B8FD2 /* HttpError.swift */ = {isa = PBXFileReference; lastKnownFileType = sourcecode.swift; path = HttpError.swift; sourceTree = "<group>"; };
/* End PBXFileReference section */

/* Begin PBXFrameworksBuildPhase section */
		1D9E62CD2655CBFA00B1A134 /* Frameworks */ = {
			isa = PBXFrameworksBuildPhase;
			buildActionMask = 2147483647;
			files = (
				1D9E62D52655CBFA00B1A134 /* Data.framework in Frameworks */,
			);
			runOnlyForDeploymentPostprocessing = 0;
		};
		1DB1B2722656A58C00443628 /* Frameworks */ = {
			isa = PBXFrameworksBuildPhase;
			buildActionMask = 2147483647;
			files = (
				1D823C562656B2940068C2AC /* Domain.framework in Frameworks */,
			);
			runOnlyForDeploymentPostprocessing = 0;
		};
		1DB1B27A2656A58C00443628 /* Frameworks */ = {
			isa = PBXFrameworksBuildPhase;
			buildActionMask = 2147483647;
			files = (
				1DB1B27E2656A58C00443628 /* Presentation.framework in Frameworks */,
			);
			runOnlyForDeploymentPostprocessing = 0;
		};
		1DB76C1B2648E68C005006C1 /* Frameworks */ = {
			isa = PBXFrameworksBuildPhase;
			buildActionMask = 2147483647;
			files = (
				1DB76C352648F1A3005006C1 /* Data.framework in Frameworks */,
				1D10A0312649AEDE005A1422 /* Alamofire in Frameworks */,
			);
			runOnlyForDeploymentPostprocessing = 0;
		};
		1DB76C232648E68C005006C1 /* Frameworks */ = {
			isa = PBXFrameworksBuildPhase;
			buildActionMask = 2147483647;
			files = (
				1DB76C272648E68C005006C1 /* Infra.framework in Frameworks */,
			);
			runOnlyForDeploymentPostprocessing = 0;
		};
		1DBD17C226462B01000B8FD2 /* Frameworks */ = {
			isa = PBXFrameworksBuildPhase;
			buildActionMask = 2147483647;
			files = (
			);
			runOnlyForDeploymentPostprocessing = 0;
		};
		1DBD17D326462E65000B8FD2 /* Frameworks */ = {
			isa = PBXFrameworksBuildPhase;
			buildActionMask = 2147483647;
			files = (
				1DBD17EE26462ED7000B8FD2 /* Domain.framework in Frameworks */,
			);
			runOnlyForDeploymentPostprocessing = 0;
		};
		1DBD17DB26462E65000B8FD2 /* Frameworks */ = {
			isa = PBXFrameworksBuildPhase;
			buildActionMask = 2147483647;
			files = (
				1DBD17DF26462E65000B8FD2 /* Data.framework in Frameworks */,
			);
			runOnlyForDeploymentPostprocessing = 0;
		};
/* End PBXFrameworksBuildPhase section */

/* Begin PBXGroup section */
		1D823C502656B21E0068C2AC /* Presenters */ = {
			isa = PBXGroup;
			children = (
				1D823C4E2656B11E0068C2AC /* SignUpPresenter.swift */,
			);
			path = Presenters;
			sourceTree = "<group>";
		};
		1D823C512656B22A0068C2AC /* Views */ = {
			isa = PBXGroup;
			children = (
				1D823C522656B2350068C2AC /* AlertView.swift */,
			);
			path = Views;
			sourceTree = "<group>";
		};
		1D823C5B2656B3E90068C2AC /* Presenters */ = {
			isa = PBXGroup;
			children = (
				1DB1B2822656A58C00443628 /* SignUpPresentersTests.swift */,
			);
			path = Presenters;
			sourceTree = "<group>";
		};
		1D823C5C2656D39F0068C2AC /* Validators */ = {
			isa = PBXGroup;
			children = (
				1D823C5D2656D3AA0068C2AC /* EmailValidator.swift */,
			);
			path = Validators;
			sourceTree = "<group>";
		};
		1D9E62C82655C39800B1A134 /* Http */ = {
			isa = PBXGroup;
			children = (
				1D9E62C62655C1F400B1A134 /* AlamofireAdapter.swift */,
			);
			path = Http;
			sourceTree = "<group>";
		};
		1D9E62C92655C4B300B1A134 /* Http */ = {
			isa = PBXGroup;
			children = (
				1DB76C2B2648E68C005006C1 /* AlamofireAdapterTest.swift */,
				1D9E62CA2655C4C600B1A134 /* UrlProtocolStub.swift */,
			);
			path = Http;
			sourceTree = "<group>";
		};
		1D9E62D12655CBFA00B1A134 /* UseCasesIntegrationTests */ = {
			isa = PBXGroup;
			children = (
				1D9E62D22655CBFA00B1A134 /* AddAccountIntegrationTest.swift */,
				1D9E62D42655CBFA00B1A134 /* Info.plist */,
			);
			path = UseCasesIntegrationTests;
			sourceTree = "<group>";
		};
		1DB1B2762656A58C00443628 /* Presentation */ = {
			isa = PBXGroup;
			children = (
				1D823C5C2656D39F0068C2AC /* Validators */,
				1D823C512656B22A0068C2AC /* Views */,
				1D823C502656B21E0068C2AC /* Presenters */,
				1DB1B2782656A58C00443628 /* Info.plist */,
			);
			path = Presentation;
			sourceTree = "<group>";
		};
		1DB1B2812656A58C00443628 /* PresentationTests */ = {
			isa = PBXGroup;
			children = (
				1D823C5B2656B3E90068C2AC /* Presenters */,
				1DB1B2842656A58C00443628 /* Info.plist */,
			);
			path = PresentationTests;
			sourceTree = "<group>";
		};
		1DB76C0B2646E000005006C1 /* Helpers */ = {
			isa = PBXGroup;
			children = (
				1DB76C0C2646E00B005006C1 /* ExtensionHelpers */,
			);
			path = Helpers;
			sourceTree = "<group>";
		};
		1DB76C0C2646E00B005006C1 /* ExtensionHelpers */ = {
			isa = PBXGroup;
			children = (
				1DB76C0D2646E027005006C1 /* ExtensionHelpers.swift */,
			);
			path = ExtensionHelpers;
			sourceTree = "<group>";
		};
		1DB76C0F2648E0F1005006C1 /* Helpers */ = {
			isa = PBXGroup;
			children = (
				1DB76C102648E0FB005006C1 /* TestExtensions.swift */,
				1DB76C122648E1C1005006C1 /* TestFactories.swift */,
				1DB76C172648E414005006C1 /* AccountModelFactory.swift */,
			);
			path = Helpers;
			sourceTree = "<group>";
		};
		1DB76C142648E278005006C1 /* Http */ = {
			isa = PBXGroup;
			children = (
				1DB76C152648E2A8005006C1 /* HttpClientSpy.swift */,
			);
			path = Http;
			sourceTree = "<group>";
		};
		1DB76C1F2648E68C005006C1 /* Infra */ = {
			isa = PBXGroup;
			children = (
				1D9E62C82655C39800B1A134 /* Http */,
				1DB76C212648E68C005006C1 /* Info.plist */,
			);
			path = Infra;
			sourceTree = "<group>";
		};
		1DB76C2A2648E68C005006C1 /* InfraTests */ = {
			isa = PBXGroup;
			children = (
				1D9E62C92655C4B300B1A134 /* Http */,
				1DB76C2D2648E68C005006C1 /* Info.plist */,
			);
			path = InfraTests;
			sourceTree = "<group>";
		};
		1DBD17AB26462A9E000B8FD2 = {
			isa = PBXGroup;
			children = (
				1DBD17C626462B01000B8FD2 /* Domain */,
				1DBD17D726462E65000B8FD2 /* Data */,
				1DBD17E226462E65000B8FD2 /* DataTests */,
				1DB76C1F2648E68C005006C1 /* Infra */,
				1DB76C2A2648E68C005006C1 /* InfraTests */,
				1D9E62D12655CBFA00B1A134 /* UseCasesIntegrationTests */,
				1DB1B2762656A58C00443628 /* Presentation */,
				1DB1B2812656A58C00443628 /* PresentationTests */,
				1DBD17B626462A9E000B8FD2 /* Products */,
				1DBD17ED26462ED7000B8FD2 /* Frameworks */,
			);
			sourceTree = "<group>";
		};
		1DBD17B626462A9E000B8FD2 /* Products */ = {
			isa = PBXGroup;
			children = (
				1DBD17C526462B01000B8FD2 /* Domain.framework */,
				1DBD17D626462E65000B8FD2 /* Data.framework */,
				1DBD17DE26462E65000B8FD2 /* DataTests.xctest */,
				1DB76C1E2648E68C005006C1 /* Infra.framework */,
				1DB76C262648E68C005006C1 /* InfraTests.xctest */,
				1D9E62D02655CBFA00B1A134 /* UseCasesIntegrationTests.xctest */,
				1DB1B2752656A58C00443628 /* Presentation.framework */,
				1DB1B27D2656A58C00443628 /* PresentationTests.xctest */,
			);
			name = Products;
			sourceTree = "<group>";
		};
		1DBD17C626462B01000B8FD2 /* Domain */ = {
			isa = PBXGroup;
			children = (
				1DBD17FF264654DC000B8FD2 /* Errors */,
				1DBD17FC26464E47000B8FD2 /* UseCases */,
				1DBD17F926464DA8000B8FD2 /* Models */,
				1DBD17C826462B01000B8FD2 /* Info.plist */,
			);
			path = Domain;
			sourceTree = "<group>";
		};
		1DBD17D726462E65000B8FD2 /* Data */ = {
			isa = PBXGroup;
			children = (
				1DB76C0B2646E000005006C1 /* Helpers */,
				1DBD17FD26464E6D000B8FD2 /* UseCases */,
				1DBD17FE26464E77000B8FD2 /* Http */,
				1DBD17D926462E65000B8FD2 /* Info.plist */,
			);
			path = Data;
			sourceTree = "<group>";
		};
		1DBD17E226462E65000B8FD2 /* DataTests */ = {
			isa = PBXGroup;
			children = (
				1DB76C142648E278005006C1 /* Http */,
				1DB76C0F2648E0F1005006C1 /* Helpers */,
				1DBD17FB26464E3D000B8FD2 /* UseCases */,
				1DBD17E526462E65000B8FD2 /* Info.plist */,
			);
			path = DataTests;
			sourceTree = "<group>";
		};
		1DBD17ED26462ED7000B8FD2 /* Frameworks */ = {
			isa = PBXGroup;
			children = (
			);
			name = Frameworks;
			sourceTree = "<group>";
		};
		1DBD17F926464DA8000B8FD2 /* Models */ = {
			isa = PBXGroup;
			children = (
				1DBD17CF26462E0E000B8FD2 /* AccountModel.swift */,
				1DBD17F32646498B000B8FD2 /* BaseModel .swift */,
			);
			path = Models;
			sourceTree = "<group>";
		};
		1DBD17FB26464E3D000B8FD2 /* UseCases */ = {
			isa = PBXGroup;
			children = (
				1DBD17E326462E65000B8FD2 /* RemoteCreateAccountTests.swift */,
			);
			path = UseCases;
			sourceTree = "<group>";
		};
		1DBD17FC26464E47000B8FD2 /* UseCases */ = {
			isa = PBXGroup;
			children = (
				1DBD17CD26462C34000B8FD2 /* CreateAccount.swift */,
			);
			path = UseCases;
			sourceTree = "<group>";
		};
		1DBD17FD26464E6D000B8FD2 /* UseCases */ = {
			isa = PBXGroup;
			children = (
				1DBD17F526464B6C000B8FD2 /* RamoteCreateAccount.swift */,
			);
			path = UseCases;
			sourceTree = "<group>";
		};
		1DBD17FE26464E77000B8FD2 /* Http */ = {
			isa = PBXGroup;
			children = (
				1DBD1802264655ED000B8FD2 /* Errors */,
				1DBD17F726464BBD000B8FD2 /* HttpPostClient.swift */,
			);
			path = Http;
			sourceTree = "<group>";
		};
		1DBD17FF264654DC000B8FD2 /* Errors */ = {
			isa = PBXGroup;
			children = (
				1DBD1800264654EE000B8FD2 /* DomainError.swift */,
			);
			path = Errors;
			sourceTree = "<group>";
		};
		1DBD1802264655ED000B8FD2 /* Errors */ = {
			isa = PBXGroup;
			children = (
				1DBD180326465884000B8FD2 /* HttpError.swift */,
			);
			path = Errors;
			sourceTree = "<group>";
		};
/* End PBXGroup section */

/* Begin PBXHeadersBuildPhase section */
		1DB1B2702656A58C00443628 /* Headers */ = {
			isa = PBXHeadersBuildPhase;
			buildActionMask = 2147483647;
			files = (
			);
			runOnlyForDeploymentPostprocessing = 0;
		};
		1DB76C192648E68C005006C1 /* Headers */ = {
			isa = PBXHeadersBuildPhase;
			buildActionMask = 2147483647;
			files = (
			);
			runOnlyForDeploymentPostprocessing = 0;
		};
		1DBD17C026462B01000B8FD2 /* Headers */ = {
			isa = PBXHeadersBuildPhase;
			buildActionMask = 2147483647;
			files = (
			);
			runOnlyForDeploymentPostprocessing = 0;
		};
		1DBD17D126462E65000B8FD2 /* Headers */ = {
			isa = PBXHeadersBuildPhase;
			buildActionMask = 2147483647;
			files = (
			);
			runOnlyForDeploymentPostprocessing = 0;
		};
/* End PBXHeadersBuildPhase section */

/* Begin PBXNativeTarget section */
		1D9E62CF2655CBFA00B1A134 /* UseCasesIntegrationTests */ = {
			isa = PBXNativeTarget;
			buildConfigurationList = 1D9E62D82655CBFA00B1A134 /* Build configuration list for PBXNativeTarget "UseCasesIntegrationTests" */;
			buildPhases = (
				1D9E62CC2655CBFA00B1A134 /* Sources */,
				1D9E62CD2655CBFA00B1A134 /* Frameworks */,
				1D9E62CE2655CBFA00B1A134 /* Resources */,
			);
			buildRules = (
			);
			dependencies = (
				1D9E62DC2655CC1200B1A134 /* PBXTargetDependency */,
				1D9E62DE2655CC1200B1A134 /* PBXTargetDependency */,
				1D9E62D72655CBFA00B1A134 /* PBXTargetDependency */,
			);
			name = UseCasesIntegrationTests;
			productName = UseCasesIntegrationTests;
			productReference = 1D9E62D02655CBFA00B1A134 /* UseCasesIntegrationTests.xctest */;
			productType = "com.apple.product-type.bundle.unit-test";
		};
		1DB1B2742656A58C00443628 /* Presentation */ = {
			isa = PBXNativeTarget;
			buildConfigurationList = 1DB1B28A2656A58C00443628 /* Build configuration list for PBXNativeTarget "Presentation" */;
			buildPhases = (
				1DB1B2702656A58C00443628 /* Headers */,
				1DB1B2712656A58C00443628 /* Sources */,
				1DB1B2722656A58C00443628 /* Frameworks */,
				1DB1B2732656A58C00443628 /* Resources */,
				1D823C5A2656B2950068C2AC /* Embed Frameworks */,
			);
			buildRules = (
			);
			dependencies = (
				1D823C592656B2940068C2AC /* PBXTargetDependency */,
			);
			name = Presentation;
			productName = Presentation;
			productReference = 1DB1B2752656A58C00443628 /* Presentation.framework */;
			productType = "com.apple.product-type.framework";
		};
		1DB1B27C2656A58C00443628 /* PresentationTests */ = {
			isa = PBXNativeTarget;
			buildConfigurationList = 1DB1B28B2656A58C00443628 /* Build configuration list for PBXNativeTarget "PresentationTests" */;
			buildPhases = (
				1DB1B2792656A58C00443628 /* Sources */,
				1DB1B27A2656A58C00443628 /* Frameworks */,
				1DB1B27B2656A58C00443628 /* Resources */,
			);
			buildRules = (
			);
			dependencies = (
				1DB1B2802656A58C00443628 /* PBXTargetDependency */,
			);
			name = PresentationTests;
			productName = PresentationTests;
			productReference = 1DB1B27D2656A58C00443628 /* PresentationTests.xctest */;
			productType = "com.apple.product-type.bundle.unit-test";
		};
		1DB76C1D2648E68C005006C1 /* Infra */ = {
			isa = PBXNativeTarget;
			buildConfigurationList = 1DB76C2F2648E68C005006C1 /* Build configuration list for PBXNativeTarget "Infra" */;
			buildPhases = (
				1DB76C192648E68C005006C1 /* Headers */,
				1DB76C1A2648E68C005006C1 /* Sources */,
				1DB76C1B2648E68C005006C1 /* Frameworks */,
				1DB76C1C2648E68C005006C1 /* Resources */,
				1DB76C392648F1A3005006C1 /* Embed Frameworks */,
			);
			buildRules = (
			);
			dependencies = (
				1DB76C382648F1A3005006C1 /* PBXTargetDependency */,
			);
			name = Infra;
			packageProductDependencies = (
				1D10A0302649AEDE005A1422 /* Alamofire */,
			);
			productName = Infra;
			productReference = 1DB76C1E2648E68C005006C1 /* Infra.framework */;
			productType = "com.apple.product-type.framework";
		};
		1DB76C252648E68C005006C1 /* InfraTests */ = {
			isa = PBXNativeTarget;
			buildConfigurationList = 1DB76C322648E68C005006C1 /* Build configuration list for PBXNativeTarget "InfraTests" */;
			buildPhases = (
				1DB76C222648E68C005006C1 /* Sources */,
				1DB76C232648E68C005006C1 /* Frameworks */,
				1DB76C242648E68C005006C1 /* Resources */,
			);
			buildRules = (
			);
			dependencies = (
				1DB76C292648E68C005006C1 /* PBXTargetDependency */,
			);
			name = InfraTests;
			productName = InfraTests;
			productReference = 1DB76C262648E68C005006C1 /* InfraTests.xctest */;
			productType = "com.apple.product-type.bundle.unit-test";
		};
		1DBD17C426462B01000B8FD2 /* Domain */ = {
			isa = PBXNativeTarget;
			buildConfigurationList = 1DBD17CA26462B01000B8FD2 /* Build configuration list for PBXNativeTarget "Domain" */;
			buildPhases = (
				1DBD17C026462B01000B8FD2 /* Headers */,
				1DBD17C126462B01000B8FD2 /* Sources */,
				1DBD17C226462B01000B8FD2 /* Frameworks */,
				1DBD17C326462B01000B8FD2 /* Resources */,
			);
			buildRules = (
			);
			dependencies = (
			);
			name = Domain;
			productName = Domain;
			productReference = 1DBD17C526462B01000B8FD2 /* Domain.framework */;
			productType = "com.apple.product-type.framework";
		};
		1DBD17D526462E65000B8FD2 /* Data */ = {
			isa = PBXNativeTarget;
			buildConfigurationList = 1DBD17E726462E65000B8FD2 /* Build configuration list for PBXNativeTarget "Data" */;
			buildPhases = (
				1DBD17D126462E65000B8FD2 /* Headers */,
				1DBD17D226462E65000B8FD2 /* Sources */,
				1DBD17D326462E65000B8FD2 /* Frameworks */,
				1DBD17D426462E65000B8FD2 /* Resources */,
				1DBD17F226462ED7000B8FD2 /* Embed Frameworks */,
			);
			buildRules = (
			);
			dependencies = (
				1DBD17F126462ED7000B8FD2 /* PBXTargetDependency */,
			);
			name = Data;
			productName = Data;
			productReference = 1DBD17D626462E65000B8FD2 /* Data.framework */;
			productType = "com.apple.product-type.framework";
		};
		1DBD17DD26462E65000B8FD2 /* DataTests */ = {
			isa = PBXNativeTarget;
			buildConfigurationList = 1DBD17EA26462E65000B8FD2 /* Build configuration list for PBXNativeTarget "DataTests" */;
			buildPhases = (
				1DBD17DA26462E65000B8FD2 /* Sources */,
				1DBD17DB26462E65000B8FD2 /* Frameworks */,
				1DBD17DC26462E65000B8FD2 /* Resources */,
			);
			buildRules = (
			);
			dependencies = (
				1DBD17E126462E65000B8FD2 /* PBXTargetDependency */,
			);
			name = DataTests;
			productName = DataTests;
			productReference = 1DBD17DE26462E65000B8FD2 /* DataTests.xctest */;
			productType = "com.apple.product-type.bundle.unit-test";
		};
/* End PBXNativeTarget section */

/* Begin PBXProject section */
		1DBD17AC26462A9E000B8FD2 /* Project object */ = {
			isa = PBXProject;
			attributes = {
				LastSwiftUpdateCheck = 1250;
				LastUpgradeCheck = 1250;
				TargetAttributes = {
					1D9E62CF2655CBFA00B1A134 = {
						CreatedOnToolsVersion = 12.5;
					};
					1DB1B2742656A58C00443628 = {
						CreatedOnToolsVersion = 12.5;
						LastSwiftMigration = 1250;
					};
					1DB1B27C2656A58C00443628 = {
						CreatedOnToolsVersion = 12.5;
					};
					1DB76C1D2648E68C005006C1 = {
						CreatedOnToolsVersion = 12.5;
						LastSwiftMigration = 1250;
					};
					1DB76C252648E68C005006C1 = {
						CreatedOnToolsVersion = 12.5;
					};
					1DBD17C426462B01000B8FD2 = {
						CreatedOnToolsVersion = 12.5;
						LastSwiftMigration = 1250;
					};
					1DBD17D526462E65000B8FD2 = {
						CreatedOnToolsVersion = 12.5;
						LastSwiftMigration = 1250;
					};
					1DBD17DD26462E65000B8FD2 = {
						CreatedOnToolsVersion = 12.5;
					};
				};
			};
			buildConfigurationList = 1DBD17AF26462A9E000B8FD2 /* Build configuration list for PBXProject "CleanAppDev" */;
			compatibilityVersion = "Xcode 9.3";
			developmentRegion = en;
			hasScannedForEncodings = 0;
			knownRegions = (
				en,
				Base,
			);
			mainGroup = 1DBD17AB26462A9E000B8FD2;
			packageReferences = (
				1D10A02D2649AD9B005A1422 /* XCRemoteSwiftPackageReference "Alamofire" */,
			);
			productRefGroup = 1DBD17B626462A9E000B8FD2 /* Products */;
			projectDirPath = "";
			projectRoot = "";
			targets = (
				1DBD17C426462B01000B8FD2 /* Domain */,
				1DBD17D526462E65000B8FD2 /* Data */,
				1DBD17DD26462E65000B8FD2 /* DataTests */,
				1DB76C1D2648E68C005006C1 /* Infra */,
				1DB76C252648E68C005006C1 /* InfraTests */,
				1D9E62CF2655CBFA00B1A134 /* UseCasesIntegrationTests */,
				1DB1B2742656A58C00443628 /* Presentation */,
				1DB1B27C2656A58C00443628 /* PresentationTests */,
			);
		};
/* End PBXProject section */

/* Begin PBXResourcesBuildPhase section */
		1D9E62CE2655CBFA00B1A134 /* Resources */ = {
			isa = PBXResourcesBuildPhase;
			buildActionMask = 2147483647;
			files = (
			);
			runOnlyForDeploymentPostprocessing = 0;
		};
		1DB1B2732656A58C00443628 /* Resources */ = {
			isa = PBXResourcesBuildPhase;
			buildActionMask = 2147483647;
			files = (
			);
			runOnlyForDeploymentPostprocessing = 0;
		};
		1DB1B27B2656A58C00443628 /* Resources */ = {
			isa = PBXResourcesBuildPhase;
			buildActionMask = 2147483647;
			files = (
			);
			runOnlyForDeploymentPostprocessing = 0;
		};
		1DB76C1C2648E68C005006C1 /* Resources */ = {
			isa = PBXResourcesBuildPhase;
			buildActionMask = 2147483647;
			files = (
			);
			runOnlyForDeploymentPostprocessing = 0;
		};
		1DB76C242648E68C005006C1 /* Resources */ = {
			isa = PBXResourcesBuildPhase;
			buildActionMask = 2147483647;
			files = (
			);
			runOnlyForDeploymentPostprocessing = 0;
		};
		1DBD17C326462B01000B8FD2 /* Resources */ = {
			isa = PBXResourcesBuildPhase;
			buildActionMask = 2147483647;
			files = (
			);
			runOnlyForDeploymentPostprocessing = 0;
		};
		1DBD17D426462E65000B8FD2 /* Resources */ = {
			isa = PBXResourcesBuildPhase;
			buildActionMask = 2147483647;
			files = (
			);
			runOnlyForDeploymentPostprocessing = 0;
		};
		1DBD17DC26462E65000B8FD2 /* Resources */ = {
			isa = PBXResourcesBuildPhase;
			buildActionMask = 2147483647;
			files = (
			);
			runOnlyForDeploymentPostprocessing = 0;
		};
/* End PBXResourcesBuildPhase section */

/* Begin PBXSourcesBuildPhase section */
		1D9E62CC2655CBFA00B1A134 /* Sources */ = {
			isa = PBXSourcesBuildPhase;
			buildActionMask = 2147483647;
			files = (
				1D9E62D32655CBFA00B1A134 /* AddAccountIntegrationTest.swift in Sources */,
			);
			runOnlyForDeploymentPostprocessing = 0;
		};
		1DB1B2712656A58C00443628 /* Sources */ = {
			isa = PBXSourcesBuildPhase;
			buildActionMask = 2147483647;
			files = (
				1D823C4F2656B11E0068C2AC /* SignUpPresenter.swift in Sources */,
				1D823C532656B2350068C2AC /* AlertView.swift in Sources */,
				1D823C5E2656D3AA0068C2AC /* EmailValidator.swift in Sources */,
			);
			runOnlyForDeploymentPostprocessing = 0;
		};
		1DB1B2792656A58C00443628 /* Sources */ = {
			isa = PBXSourcesBuildPhase;
			buildActionMask = 2147483647;
			files = (
				1DB1B2832656A58C00443628 /* SignUpPresentersTests.swift in Sources */,
			);
			runOnlyForDeploymentPostprocessing = 0;
		};
		1DB76C1A2648E68C005006C1 /* Sources */ = {
			isa = PBXSourcesBuildPhase;
			buildActionMask = 2147483647;
			files = (
				1D9E62C72655C1F400B1A134 /* AlamofireAdapter.swift in Sources */,
			);
			runOnlyForDeploymentPostprocessing = 0;
		};
		1DB76C222648E68C005006C1 /* Sources */ = {
			isa = PBXSourcesBuildPhase;
			buildActionMask = 2147483647;
			files = (
				1DB76C3B2648F251005006C1 /* TestFactories.swift in Sources */,
				1DB76C2C2648E68C005006C1 /* AlamofireAdapterTest.swift in Sources */,
				1DB76C3A2648F24C005006C1 /* TestExtensions.swift in Sources */,
				1D9E62CB2655C4C600B1A134 /* UrlProtocolStub.swift in Sources */,
			);
			runOnlyForDeploymentPostprocessing = 0;
		};
		1DBD17C126462B01000B8FD2 /* Sources */ = {
			isa = PBXSourcesBuildPhase;
			buildActionMask = 2147483647;
			files = (
				1DBD17F42646498B000B8FD2 /* BaseModel .swift in Sources */,
				1DBD17CE26462C34000B8FD2 /* CreateAccount.swift in Sources */,
				1DBD1801264654EE000B8FD2 /* DomainError.swift in Sources */,
				1DBD17D026462E0E000B8FD2 /* AccountModel.swift in Sources */,
			);
			runOnlyForDeploymentPostprocessing = 0;
		};
		1DBD17D226462E65000B8FD2 /* Sources */ = {
			isa = PBXSourcesBuildPhase;
			buildActionMask = 2147483647;
			files = (
				1DBD17F826464BBD000B8FD2 /* HttpPostClient.swift in Sources */,
				1DB76C0E2646E027005006C1 /* ExtensionHelpers.swift in Sources */,
				1DBD180426465884000B8FD2 /* HttpError.swift in Sources */,
				1DBD17F626464B6C000B8FD2 /* RamoteCreateAccount.swift in Sources */,
			);
			runOnlyForDeploymentPostprocessing = 0;
		};
		1DBD17DA26462E65000B8FD2 /* Sources */ = {
			isa = PBXSourcesBuildPhase;
			buildActionMask = 2147483647;
			files = (
				1DB76C132648E1C1005006C1 /* TestFactories.swift in Sources */,
				1DB76C162648E2A8005006C1 /* HttpClientSpy.swift in Sources */,
				1DBD17E426462E65000B8FD2 /* RemoteCreateAccountTests.swift in Sources */,
				1DB76C182648E414005006C1 /* AccountModelFactory.swift in Sources */,
				1DB76C112648E0FB005006C1 /* TestExtensions.swift in Sources */,
			);
			runOnlyForDeploymentPostprocessing = 0;
		};
/* End PBXSourcesBuildPhase section */

/* Begin PBXTargetDependency section */
		1D823C592656B2940068C2AC /* PBXTargetDependency */ = {
			isa = PBXTargetDependency;
			target = 1DBD17C426462B01000B8FD2 /* Domain */;
			targetProxy = 1D823C582656B2940068C2AC /* PBXContainerItemProxy */;
		};
		1D9E62D72655CBFA00B1A134 /* PBXTargetDependency */ = {
			isa = PBXTargetDependency;
			target = 1DBD17D526462E65000B8FD2 /* Data */;
			targetProxy = 1D9E62D62655CBFA00B1A134 /* PBXContainerItemProxy */;
		};
		1D9E62DC2655CC1200B1A134 /* PBXTargetDependency */ = {
			isa = PBXTargetDependency;
			target = 1DBD17C426462B01000B8FD2 /* Domain */;
			targetProxy = 1D9E62DB2655CC1200B1A134 /* PBXContainerItemProxy */;
		};
		1D9E62DE2655CC1200B1A134 /* PBXTargetDependency */ = {
			isa = PBXTargetDependency;
			target = 1DB76C1D2648E68C005006C1 /* Infra */;
			targetProxy = 1D9E62DD2655CC1200B1A134 /* PBXContainerItemProxy */;
		};
		1DB1B2802656A58C00443628 /* PBXTargetDependency */ = {
			isa = PBXTargetDependency;
			target = 1DB1B2742656A58C00443628 /* Presentation */;
			targetProxy = 1DB1B27F2656A58C00443628 /* PBXContainerItemProxy */;
		};
		1DB76C292648E68C005006C1 /* PBXTargetDependency */ = {
			isa = PBXTargetDependency;
			target = 1DB76C1D2648E68C005006C1 /* Infra */;
			targetProxy = 1DB76C282648E68C005006C1 /* PBXContainerItemProxy */;
		};
		1DB76C382648F1A3005006C1 /* PBXTargetDependency */ = {
			isa = PBXTargetDependency;
			target = 1DBD17D526462E65000B8FD2 /* Data */;
			targetProxy = 1DB76C372648F1A3005006C1 /* PBXContainerItemProxy */;
		};
		1DBD17E126462E65000B8FD2 /* PBXTargetDependency */ = {
			isa = PBXTargetDependency;
			target = 1DBD17D526462E65000B8FD2 /* Data */;
			targetProxy = 1DBD17E026462E65000B8FD2 /* PBXContainerItemProxy */;
		};
		1DBD17F126462ED7000B8FD2 /* PBXTargetDependency */ = {
			isa = PBXTargetDependency;
			target = 1DBD17C426462B01000B8FD2 /* Domain */;
			targetProxy = 1DBD17F026462ED7000B8FD2 /* PBXContainerItemProxy */;
		};
/* End PBXTargetDependency section */

/* Begin XCBuildConfiguration section */
		1D9E62D92655CBFA00B1A134 /* Debug */ = {
			isa = XCBuildConfiguration;
			buildSettings = {
				CODE_SIGN_STYLE = Automatic;
				COMBINE_HIDPI_IMAGES = YES;
				DEVELOPMENT_TEAM = 26D65H4NM7;
				INFOPLIST_FILE = UseCasesIntegrationTests/Info.plist;
				LD_RUNPATH_SEARCH_PATHS = (
					"$(inherited)",
					"@executable_path/../Frameworks",
					"@loader_path/../Frameworks",
				);
				MACOSX_DEPLOYMENT_TARGET = 11.3;
				PRODUCT_BUNDLE_IDENTIFIER = com.hfbatista.CleanAppDev.UseCasesIntegrationTests;
				PRODUCT_NAME = "$(TARGET_NAME)";
				SDKROOT = macosx;
				SWIFT_VERSION = 5.0;
			};
			name = Debug;
		};
		1D9E62DA2655CBFA00B1A134 /* Release */ = {
			isa = XCBuildConfiguration;
			buildSettings = {
				CODE_SIGN_STYLE = Automatic;
				COMBINE_HIDPI_IMAGES = YES;
				DEVELOPMENT_TEAM = 26D65H4NM7;
				INFOPLIST_FILE = UseCasesIntegrationTests/Info.plist;
				LD_RUNPATH_SEARCH_PATHS = (
					"$(inherited)",
					"@executable_path/../Frameworks",
					"@loader_path/../Frameworks",
				);
				MACOSX_DEPLOYMENT_TARGET = 11.3;
				PRODUCT_BUNDLE_IDENTIFIER = com.hfbatista.CleanAppDev.UseCasesIntegrationTests;
				PRODUCT_NAME = "$(TARGET_NAME)";
				SDKROOT = macosx;
				SWIFT_VERSION = 5.0;
			};
			name = Release;
		};
		1DB1B2862656A58C00443628 /* Debug */ = {
			isa = XCBuildConfiguration;
			buildSettings = {
				CLANG_ENABLE_MODULES = YES;
				CODE_SIGN_STYLE = Automatic;
				COMBINE_HIDPI_IMAGES = YES;
				DEFINES_MODULE = YES;
				DEVELOPMENT_TEAM = 26D65H4NM7;
				DYLIB_COMPATIBILITY_VERSION = 1;
				DYLIB_CURRENT_VERSION = 1;
				DYLIB_INSTALL_NAME_BASE = "@rpath";
				INFOPLIST_FILE = Presentation/Info.plist;
				INSTALL_PATH = "$(LOCAL_LIBRARY_DIR)/Frameworks";
				LD_RUNPATH_SEARCH_PATHS = (
					"$(inherited)",
					"@executable_path/../Frameworks",
					"@loader_path/Frameworks",
				);
				MACOSX_DEPLOYMENT_TARGET = 11.3;
				PRODUCT_BUNDLE_IDENTIFIER = com.hfbatista.CleanAppDev.Presentation;
				PRODUCT_NAME = "$(TARGET_NAME:c99extidentifier)";
				SDKROOT = macosx;
				SKIP_INSTALL = YES;
				SWIFT_OPTIMIZATION_LEVEL = "-Onone";
				SWIFT_VERSION = 5.0;
			};
			name = Debug;
		};
		1DB1B2872656A58C00443628 /* Release */ = {
			isa = XCBuildConfiguration;
			buildSettings = {
				CLANG_ENABLE_MODULES = YES;
				CODE_SIGN_STYLE = Automatic;
				COMBINE_HIDPI_IMAGES = YES;
				DEFINES_MODULE = YES;
				DEVELOPMENT_TEAM = 26D65H4NM7;
				DYLIB_COMPATIBILITY_VERSION = 1;
				DYLIB_CURRENT_VERSION = 1;
				DYLIB_INSTALL_NAME_BASE = "@rpath";
				INFOPLIST_FILE = Presentation/Info.plist;
				INSTALL_PATH = "$(LOCAL_LIBRARY_DIR)/Frameworks";
				LD_RUNPATH_SEARCH_PATHS = (
					"$(inherited)",
					"@executable_path/../Frameworks",
					"@loader_path/Frameworks",
				);
				MACOSX_DEPLOYMENT_TARGET = 11.3;
				PRODUCT_BUNDLE_IDENTIFIER = com.hfbatista.CleanAppDev.Presentation;
				PRODUCT_NAME = "$(TARGET_NAME:c99extidentifier)";
				SDKROOT = macosx;
				SKIP_INSTALL = YES;
				SWIFT_VERSION = 5.0;
			};
			name = Release;
		};
		1DB1B2882656A58C00443628 /* Debug */ = {
			isa = XCBuildConfiguration;
			buildSettings = {
				ALWAYS_EMBED_SWIFT_STANDARD_LIBRARIES = YES;
				CODE_SIGN_STYLE = Automatic;
				COMBINE_HIDPI_IMAGES = YES;
				DEVELOPMENT_TEAM = 26D65H4NM7;
				INFOPLIST_FILE = PresentationTests/Info.plist;
				LD_RUNPATH_SEARCH_PATHS = (
					"$(inherited)",
					"@executable_path/../Frameworks",
					"@loader_path/../Frameworks",
				);
				MACOSX_DEPLOYMENT_TARGET = 11.3;
				PRODUCT_BUNDLE_IDENTIFIER = com.hfbatista.CleanAppDev.PresentationTests;
				PRODUCT_NAME = "$(TARGET_NAME)";
				SDKROOT = macosx;
				SWIFT_VERSION = 5.0;
			};
			name = Debug;
		};
		1DB1B2892656A58C00443628 /* Release */ = {
			isa = XCBuildConfiguration;
			buildSettings = {
				ALWAYS_EMBED_SWIFT_STANDARD_LIBRARIES = YES;
				CODE_SIGN_STYLE = Automatic;
				COMBINE_HIDPI_IMAGES = YES;
				DEVELOPMENT_TEAM = 26D65H4NM7;
				INFOPLIST_FILE = PresentationTests/Info.plist;
				LD_RUNPATH_SEARCH_PATHS = (
					"$(inherited)",
					"@executable_path/../Frameworks",
					"@loader_path/../Frameworks",
				);
				MACOSX_DEPLOYMENT_TARGET = 11.3;
				PRODUCT_BUNDLE_IDENTIFIER = com.hfbatista.CleanAppDev.PresentationTests;
				PRODUCT_NAME = "$(TARGET_NAME)";
				SDKROOT = macosx;
				SWIFT_VERSION = 5.0;
			};
			name = Release;
		};
		1DB76C302648E68C005006C1 /* Debug */ = {
			isa = XCBuildConfiguration;
			buildSettings = {
				CLANG_ENABLE_MODULES = YES;
				CODE_SIGN_STYLE = Automatic;
				COMBINE_HIDPI_IMAGES = YES;
				DEFINES_MODULE = YES;
				DEVELOPMENT_TEAM = 26D65H4NM7;
				DYLIB_COMPATIBILITY_VERSION = 1;
				DYLIB_CURRENT_VERSION = 1;
				DYLIB_INSTALL_NAME_BASE = "@rpath";
				INFOPLIST_FILE = Infra/Info.plist;
				INSTALL_PATH = "$(LOCAL_LIBRARY_DIR)/Frameworks";
				LD_RUNPATH_SEARCH_PATHS = (
					"$(inherited)",
					"@executable_path/../Frameworks",
					"@loader_path/Frameworks",
				);
				MACOSX_DEPLOYMENT_TARGET = 11.2;
				PRODUCT_BUNDLE_IDENTIFIER = com.hfbatista.CleanAppDev.Infra;
				PRODUCT_NAME = "$(TARGET_NAME:c99extidentifier)";
				SDKROOT = macosx;
				SKIP_INSTALL = YES;
				SWIFT_OPTIMIZATION_LEVEL = "-Onone";
				SWIFT_VERSION = 5.0;
			};
			name = Debug;
		};
		1DB76C312648E68C005006C1 /* Release */ = {
			isa = XCBuildConfiguration;
			buildSettings = {
				CLANG_ENABLE_MODULES = YES;
				CODE_SIGN_STYLE = Automatic;
				COMBINE_HIDPI_IMAGES = YES;
				DEFINES_MODULE = YES;
				DEVELOPMENT_TEAM = 26D65H4NM7;
				DYLIB_COMPATIBILITY_VERSION = 1;
				DYLIB_CURRENT_VERSION = 1;
				DYLIB_INSTALL_NAME_BASE = "@rpath";
				INFOPLIST_FILE = Infra/Info.plist;
				INSTALL_PATH = "$(LOCAL_LIBRARY_DIR)/Frameworks";
				LD_RUNPATH_SEARCH_PATHS = (
					"$(inherited)",
					"@executable_path/../Frameworks",
					"@loader_path/Frameworks",
				);
				MACOSX_DEPLOYMENT_TARGET = 11.2;
				PRODUCT_BUNDLE_IDENTIFIER = com.hfbatista.CleanAppDev.Infra;
				PRODUCT_NAME = "$(TARGET_NAME:c99extidentifier)";
				SDKROOT = macosx;
				SKIP_INSTALL = YES;
				SWIFT_VERSION = 5.0;
			};
			name = Release;
		};
		1DB76C332648E68C005006C1 /* Debug */ = {
			isa = XCBuildConfiguration;
			buildSettings = {
				ALWAYS_EMBED_SWIFT_STANDARD_LIBRARIES = YES;
				CODE_SIGN_STYLE = Automatic;
				COMBINE_HIDPI_IMAGES = YES;
				DEVELOPMENT_TEAM = 26D65H4NM7;
				INFOPLIST_FILE = InfraTests/Info.plist;
				LD_RUNPATH_SEARCH_PATHS = (
					"$(inherited)",
					"@executable_path/../Frameworks",
					"@loader_path/../Frameworks",
				);
				MACOSX_DEPLOYMENT_TARGET = 11.2;
				PRODUCT_BUNDLE_IDENTIFIER = com.hfbatista.CleanAppDev.InfraTests;
				PRODUCT_NAME = "$(TARGET_NAME)";
				SDKROOT = macosx;
				SWIFT_VERSION = 5.0;
			};
			name = Debug;
		};
		1DB76C342648E68C005006C1 /* Release */ = {
			isa = XCBuildConfiguration;
			buildSettings = {
				ALWAYS_EMBED_SWIFT_STANDARD_LIBRARIES = YES;
				CODE_SIGN_STYLE = Automatic;
				COMBINE_HIDPI_IMAGES = YES;
				DEVELOPMENT_TEAM = 26D65H4NM7;
				INFOPLIST_FILE = InfraTests/Info.plist;
				LD_RUNPATH_SEARCH_PATHS = (
					"$(inherited)",
					"@executable_path/../Frameworks",
					"@loader_path/../Frameworks",
				);
				MACOSX_DEPLOYMENT_TARGET = 11.2;
				PRODUCT_BUNDLE_IDENTIFIER = com.hfbatista.CleanAppDev.InfraTests;
				PRODUCT_NAME = "$(TARGET_NAME)";
				SDKROOT = macosx;
				SWIFT_VERSION = 5.0;
			};
			name = Release;
		};
		1DBD17BB26462A9E000B8FD2 /* Debug */ = {
			isa = XCBuildConfiguration;
			buildSettings = {
				ALWAYS_SEARCH_USER_PATHS = NO;
				CLANG_ANALYZER_NONNULL = YES;
				CLANG_ANALYZER_NUMBER_OBJECT_CONVERSION = YES_AGGRESSIVE;
				CLANG_CXX_LANGUAGE_STANDARD = "gnu++14";
				CLANG_CXX_LIBRARY = "libc++";
				CLANG_ENABLE_MODULES = YES;
				CLANG_ENABLE_OBJC_ARC = YES;
				CLANG_ENABLE_OBJC_WEAK = YES;
				CLANG_WARN_BLOCK_CAPTURE_AUTORELEASING = YES;
				CLANG_WARN_BOOL_CONVERSION = YES;
				CLANG_WARN_COMMA = YES;
				CLANG_WARN_CONSTANT_CONVERSION = YES;
				CLANG_WARN_DEPRECATED_OBJC_IMPLEMENTATIONS = YES;
				CLANG_WARN_DIRECT_OBJC_ISA_USAGE = YES_ERROR;
				CLANG_WARN_DOCUMENTATION_COMMENTS = YES;
				CLANG_WARN_EMPTY_BODY = YES;
				CLANG_WARN_ENUM_CONVERSION = YES;
				CLANG_WARN_INFINITE_RECURSION = YES;
				CLANG_WARN_INT_CONVERSION = YES;
				CLANG_WARN_NON_LITERAL_NULL_CONVERSION = YES;
				CLANG_WARN_OBJC_IMPLICIT_RETAIN_SELF = YES;
				CLANG_WARN_OBJC_LITERAL_CONVERSION = YES;
				CLANG_WARN_OBJC_ROOT_CLASS = YES_ERROR;
				CLANG_WARN_QUOTED_INCLUDE_IN_FRAMEWORK_HEADER = YES;
				CLANG_WARN_RANGE_LOOP_ANALYSIS = YES;
				CLANG_WARN_STRICT_PROTOTYPES = YES;
				CLANG_WARN_SUSPICIOUS_MOVE = YES;
				CLANG_WARN_UNGUARDED_AVAILABILITY = YES_AGGRESSIVE;
				CLANG_WARN_UNREACHABLE_CODE = YES;
				CLANG_WARN__DUPLICATE_METHOD_MATCH = YES;
				COPY_PHASE_STRIP = NO;
				CURRENT_PROJECT_VERSION = 1;
				DEBUG_INFORMATION_FORMAT = dwarf;
				ENABLE_STRICT_OBJC_MSGSEND = YES;
				ENABLE_TESTABILITY = YES;
				GCC_C_LANGUAGE_STANDARD = gnu11;
				GCC_DYNAMIC_NO_PIC = NO;
				GCC_NO_COMMON_BLOCKS = YES;
				GCC_OPTIMIZATION_LEVEL = 0;
				GCC_PREPROCESSOR_DEFINITIONS = (
					"DEBUG=1",
					"$(inherited)",
				);
				GCC_WARN_64_TO_32_BIT_CONVERSION = YES;
				GCC_WARN_ABOUT_RETURN_TYPE = YES_ERROR;
				GCC_WARN_UNDECLARED_SELECTOR = YES;
				GCC_WARN_UNINITIALIZED_AUTOS = YES_AGGRESSIVE;
				GCC_WARN_UNUSED_FUNCTION = YES;
				GCC_WARN_UNUSED_VARIABLE = YES;
				IPHONEOS_DEPLOYMENT_TARGET = 14.5;
				MTL_ENABLE_DEBUG_INFO = INCLUDE_SOURCE;
				MTL_FAST_MATH = YES;
				ONLY_ACTIVE_ARCH = YES;
				SDKROOT = iphoneos;
				SWIFT_ACTIVE_COMPILATION_CONDITIONS = DEBUG;
				SWIFT_OPTIMIZATION_LEVEL = "-Onone";
				VERSIONING_SYSTEM = "apple-generic";
				VERSION_INFO_PREFIX = "";
			};
			name = Debug;
		};
		1DBD17BC26462A9E000B8FD2 /* Release */ = {
			isa = XCBuildConfiguration;
			buildSettings = {
				ALWAYS_SEARCH_USER_PATHS = NO;
				CLANG_ANALYZER_NONNULL = YES;
				CLANG_ANALYZER_NUMBER_OBJECT_CONVERSION = YES_AGGRESSIVE;
				CLANG_CXX_LANGUAGE_STANDARD = "gnu++14";
				CLANG_CXX_LIBRARY = "libc++";
				CLANG_ENABLE_MODULES = YES;
				CLANG_ENABLE_OBJC_ARC = YES;
				CLANG_ENABLE_OBJC_WEAK = YES;
				CLANG_WARN_BLOCK_CAPTURE_AUTORELEASING = YES;
				CLANG_WARN_BOOL_CONVERSION = YES;
				CLANG_WARN_COMMA = YES;
				CLANG_WARN_CONSTANT_CONVERSION = YES;
				CLANG_WARN_DEPRECATED_OBJC_IMPLEMENTATIONS = YES;
				CLANG_WARN_DIRECT_OBJC_ISA_USAGE = YES_ERROR;
				CLANG_WARN_DOCUMENTATION_COMMENTS = YES;
				CLANG_WARN_EMPTY_BODY = YES;
				CLANG_WARN_ENUM_CONVERSION = YES;
				CLANG_WARN_INFINITE_RECURSION = YES;
				CLANG_WARN_INT_CONVERSION = YES;
				CLANG_WARN_NON_LITERAL_NULL_CONVERSION = YES;
				CLANG_WARN_OBJC_IMPLICIT_RETAIN_SELF = YES;
				CLANG_WARN_OBJC_LITERAL_CONVERSION = YES;
				CLANG_WARN_OBJC_ROOT_CLASS = YES_ERROR;
				CLANG_WARN_QUOTED_INCLUDE_IN_FRAMEWORK_HEADER = YES;
				CLANG_WARN_RANGE_LOOP_ANALYSIS = YES;
				CLANG_WARN_STRICT_PROTOTYPES = YES;
				CLANG_WARN_SUSPICIOUS_MOVE = YES;
				CLANG_WARN_UNGUARDED_AVAILABILITY = YES_AGGRESSIVE;
				CLANG_WARN_UNREACHABLE_CODE = YES;
				CLANG_WARN__DUPLICATE_METHOD_MATCH = YES;
				COPY_PHASE_STRIP = NO;
				CURRENT_PROJECT_VERSION = 1;
				DEBUG_INFORMATION_FORMAT = "dwarf-with-dsym";
				ENABLE_NS_ASSERTIONS = NO;
				ENABLE_STRICT_OBJC_MSGSEND = YES;
				GCC_C_LANGUAGE_STANDARD = gnu11;
				GCC_NO_COMMON_BLOCKS = YES;
				GCC_WARN_64_TO_32_BIT_CONVERSION = YES;
				GCC_WARN_ABOUT_RETURN_TYPE = YES_ERROR;
				GCC_WARN_UNDECLARED_SELECTOR = YES;
				GCC_WARN_UNINITIALIZED_AUTOS = YES_AGGRESSIVE;
				GCC_WARN_UNUSED_FUNCTION = YES;
				GCC_WARN_UNUSED_VARIABLE = YES;
				IPHONEOS_DEPLOYMENT_TARGET = 14.5;
				MTL_ENABLE_DEBUG_INFO = NO;
				MTL_FAST_MATH = YES;
				SDKROOT = iphoneos;
				SWIFT_COMPILATION_MODE = wholemodule;
				SWIFT_OPTIMIZATION_LEVEL = "-O";
				VALIDATE_PRODUCT = YES;
				VERSIONING_SYSTEM = "apple-generic";
				VERSION_INFO_PREFIX = "";
			};
			name = Release;
		};
		1DBD17CB26462B01000B8FD2 /* Debug */ = {
			isa = XCBuildConfiguration;
			buildSettings = {
				CLANG_ENABLE_MODULES = YES;
				CODE_SIGN_STYLE = Automatic;
				COMBINE_HIDPI_IMAGES = YES;
				DEFINES_MODULE = YES;
				DEVELOPMENT_TEAM = 26D65H4NM7;
				DYLIB_COMPATIBILITY_VERSION = 1;
				DYLIB_CURRENT_VERSION = 1;
				DYLIB_INSTALL_NAME_BASE = "@rpath";
				INFOPLIST_FILE = Domain/Info.plist;
				INSTALL_PATH = "$(LOCAL_LIBRARY_DIR)/Frameworks";
				LD_RUNPATH_SEARCH_PATHS = (
					"$(inherited)",
					"@executable_path/../Frameworks",
					"@loader_path/Frameworks",
				);
				MACOSX_DEPLOYMENT_TARGET = 11.2;
				PRODUCT_BUNDLE_IDENTIFIER = com.hfbatista.CleanAppDev.Domain;
				PRODUCT_NAME = "$(TARGET_NAME:c99extidentifier)";
				SDKROOT = macosx;
				SKIP_INSTALL = YES;
				SWIFT_OPTIMIZATION_LEVEL = "-Onone";
				SWIFT_VERSION = 5.0;
			};
			name = Debug;
		};
		1DBD17CC26462B01000B8FD2 /* Release */ = {
			isa = XCBuildConfiguration;
			buildSettings = {
				CLANG_ENABLE_MODULES = YES;
				CODE_SIGN_STYLE = Automatic;
				COMBINE_HIDPI_IMAGES = YES;
				DEFINES_MODULE = YES;
				DEVELOPMENT_TEAM = 26D65H4NM7;
				DYLIB_COMPATIBILITY_VERSION = 1;
				DYLIB_CURRENT_VERSION = 1;
				DYLIB_INSTALL_NAME_BASE = "@rpath";
				INFOPLIST_FILE = Domain/Info.plist;
				INSTALL_PATH = "$(LOCAL_LIBRARY_DIR)/Frameworks";
				LD_RUNPATH_SEARCH_PATHS = (
					"$(inherited)",
					"@executable_path/../Frameworks",
					"@loader_path/Frameworks",
				);
				MACOSX_DEPLOYMENT_TARGET = 11.2;
				PRODUCT_BUNDLE_IDENTIFIER = com.hfbatista.CleanAppDev.Domain;
				PRODUCT_NAME = "$(TARGET_NAME:c99extidentifier)";
				SDKROOT = macosx;
				SKIP_INSTALL = YES;
				SWIFT_VERSION = 5.0;
			};
			name = Release;
		};
		1DBD17E826462E65000B8FD2 /* Debug */ = {
			isa = XCBuildConfiguration;
			buildSettings = {
				CLANG_ENABLE_MODULES = YES;
				CODE_SIGN_STYLE = Automatic;
				COMBINE_HIDPI_IMAGES = YES;
				DEFINES_MODULE = YES;
				DEVELOPMENT_TEAM = 26D65H4NM7;
				DYLIB_COMPATIBILITY_VERSION = 1;
				DYLIB_CURRENT_VERSION = 1;
				DYLIB_INSTALL_NAME_BASE = "@rpath";
				INFOPLIST_FILE = Data/Info.plist;
				INSTALL_PATH = "$(LOCAL_LIBRARY_DIR)/Frameworks";
				LD_RUNPATH_SEARCH_PATHS = (
					"$(inherited)",
					"@executable_path/../Frameworks",
					"@loader_path/Frameworks",
				);
				MACOSX_DEPLOYMENT_TARGET = 11.2;
				PRODUCT_BUNDLE_IDENTIFIER = com.hfbatista.CleanAppDev.Data;
				PRODUCT_NAME = "$(TARGET_NAME:c99extidentifier)";
				SDKROOT = macosx;
				SKIP_INSTALL = YES;
				SWIFT_OPTIMIZATION_LEVEL = "-Onone";
				SWIFT_VERSION = 5.0;
			};
			name = Debug;
		};
		1DBD17E926462E65000B8FD2 /* Release */ = {
			isa = XCBuildConfiguration;
			buildSettings = {
				CLANG_ENABLE_MODULES = YES;
				CODE_SIGN_STYLE = Automatic;
				COMBINE_HIDPI_IMAGES = YES;
				DEFINES_MODULE = YES;
				DEVELOPMENT_TEAM = 26D65H4NM7;
				DYLIB_COMPATIBILITY_VERSION = 1;
				DYLIB_CURRENT_VERSION = 1;
				DYLIB_INSTALL_NAME_BASE = "@rpath";
				INFOPLIST_FILE = Data/Info.plist;
				INSTALL_PATH = "$(LOCAL_LIBRARY_DIR)/Frameworks";
				LD_RUNPATH_SEARCH_PATHS = (
					"$(inherited)",
					"@executable_path/../Frameworks",
					"@loader_path/Frameworks",
				);
				MACOSX_DEPLOYMENT_TARGET = 11.2;
				PRODUCT_BUNDLE_IDENTIFIER = com.hfbatista.CleanAppDev.Data;
				PRODUCT_NAME = "$(TARGET_NAME:c99extidentifier)";
				SDKROOT = macosx;
				SKIP_INSTALL = YES;
				SWIFT_VERSION = 5.0;
			};
			name = Release;
		};
		1DBD17EB26462E65000B8FD2 /* Debug */ = {
			isa = XCBuildConfiguration;
			buildSettings = {
				ALWAYS_EMBED_SWIFT_STANDARD_LIBRARIES = YES;
				CODE_SIGN_STYLE = Automatic;
				COMBINE_HIDPI_IMAGES = YES;
				DEVELOPMENT_TEAM = 26D65H4NM7;
				INFOPLIST_FILE = DataTests/Info.plist;
				LD_RUNPATH_SEARCH_PATHS = (
					"$(inherited)",
					"@executable_path/../Frameworks",
					"@loader_path/../Frameworks",
				);
				MACOSX_DEPLOYMENT_TARGET = 11.2;
				PRODUCT_BUNDLE_IDENTIFIER = com.hfbatista.CleanAppDev.DataTests;
				PRODUCT_NAME = "$(TARGET_NAME)";
				SDKROOT = macosx;
				SWIFT_VERSION = 5.0;
			};
			name = Debug;
		};
		1DBD17EC26462E65000B8FD2 /* Release */ = {
			isa = XCBuildConfiguration;
			buildSettings = {
				ALWAYS_EMBED_SWIFT_STANDARD_LIBRARIES = YES;
				CODE_SIGN_STYLE = Automatic;
				COMBINE_HIDPI_IMAGES = YES;
				DEVELOPMENT_TEAM = 26D65H4NM7;
				INFOPLIST_FILE = DataTests/Info.plist;
				LD_RUNPATH_SEARCH_PATHS = (
					"$(inherited)",
					"@executable_path/../Frameworks",
					"@loader_path/../Frameworks",
				);
				MACOSX_DEPLOYMENT_TARGET = 11.2;
				PRODUCT_BUNDLE_IDENTIFIER = com.hfbatista.CleanAppDev.DataTests;
				PRODUCT_NAME = "$(TARGET_NAME)";
				SDKROOT = macosx;
				SWIFT_VERSION = 5.0;
			};
			name = Release;
		};
/* End XCBuildConfiguration section */

/* Begin XCConfigurationList section */
		1D9E62D82655CBFA00B1A134 /* Build configuration list for PBXNativeTarget "UseCasesIntegrationTests" */ = {
			isa = XCConfigurationList;
			buildConfigurations = (
				1D9E62D92655CBFA00B1A134 /* Debug */,
				1D9E62DA2655CBFA00B1A134 /* Release */,
			);
			defaultConfigurationIsVisible = 0;
			defaultConfigurationName = Release;
		};
		1DB1B28A2656A58C00443628 /* Build configuration list for PBXNativeTarget "Presentation" */ = {
			isa = XCConfigurationList;
			buildConfigurations = (
				1DB1B2862656A58C00443628 /* Debug */,
				1DB1B2872656A58C00443628 /* Release */,
			);
			defaultConfigurationIsVisible = 0;
			defaultConfigurationName = Release;
		};
		1DB1B28B2656A58C00443628 /* Build configuration list for PBXNativeTarget "PresentationTests" */ = {
			isa = XCConfigurationList;
			buildConfigurations = (
				1DB1B2882656A58C00443628 /* Debug */,
				1DB1B2892656A58C00443628 /* Release */,
			);
			defaultConfigurationIsVisible = 0;
			defaultConfigurationName = Release;
		};
		1DB76C2F2648E68C005006C1 /* Build configuration list for PBXNativeTarget "Infra" */ = {
			isa = XCConfigurationList;
			buildConfigurations = (
				1DB76C302648E68C005006C1 /* Debug */,
				1DB76C312648E68C005006C1 /* Release */,
			);
			defaultConfigurationIsVisible = 0;
			defaultConfigurationName = Release;
		};
		1DB76C322648E68C005006C1 /* Build configuration list for PBXNativeTarget "InfraTests" */ = {
			isa = XCConfigurationList;
			buildConfigurations = (
				1DB76C332648E68C005006C1 /* Debug */,
				1DB76C342648E68C005006C1 /* Release */,
			);
			defaultConfigurationIsVisible = 0;
			defaultConfigurationName = Release;
		};
		1DBD17AF26462A9E000B8FD2 /* Build configuration list for PBXProject "CleanAppDev" */ = {
			isa = XCConfigurationList;
			buildConfigurations = (
				1DBD17BB26462A9E000B8FD2 /* Debug */,
				1DBD17BC26462A9E000B8FD2 /* Release */,
			);
			defaultConfigurationIsVisible = 0;
			defaultConfigurationName = Release;
		};
		1DBD17CA26462B01000B8FD2 /* Build configuration list for PBXNativeTarget "Domain" */ = {
			isa = XCConfigurationList;
			buildConfigurations = (
				1DBD17CB26462B01000B8FD2 /* Debug */,
				1DBD17CC26462B01000B8FD2 /* Release */,
			);
			defaultConfigurationIsVisible = 0;
			defaultConfigurationName = Release;
		};
		1DBD17E726462E65000B8FD2 /* Build configuration list for PBXNativeTarget "Data" */ = {
			isa = XCConfigurationList;
			buildConfigurations = (
				1DBD17E826462E65000B8FD2 /* Debug */,
				1DBD17E926462E65000B8FD2 /* Release */,
			);
			defaultConfigurationIsVisible = 0;
			defaultConfigurationName = Release;
		};
		1DBD17EA26462E65000B8FD2 /* Build configuration list for PBXNativeTarget "DataTests" */ = {
			isa = XCConfigurationList;
			buildConfigurations = (
				1DBD17EB26462E65000B8FD2 /* Debug */,
				1DBD17EC26462E65000B8FD2 /* Release */,
			);
			defaultConfigurationIsVisible = 0;
			defaultConfigurationName = Release;
		};
/* End XCConfigurationList section */

/* Begin XCRemoteSwiftPackageReference section */
		1D10A02D2649AD9B005A1422 /* XCRemoteSwiftPackageReference "Alamofire" */ = {
			isa = XCRemoteSwiftPackageReference;
			repositoryURL = "https://github.com/Alamofire/Alamofire.git";
			requirement = {
				kind = upToNextMajorVersion;
				minimumVersion = 5.0.2;
			};
		};
/* End XCRemoteSwiftPackageReference section */

/* Begin XCSwiftPackageProductDependency section */
		1D10A0302649AEDE005A1422 /* Alamofire */ = {
			isa = XCSwiftPackageProductDependency;
			package = 1D10A02D2649AD9B005A1422 /* XCRemoteSwiftPackageReference "Alamofire" */;
			productName = Alamofire;
		};
/* End XCSwiftPackageProductDependency section */
	};
	rootObject = 1DBD17AC26462A9E000B8FD2 /* Project object */;
}
